// !$*UTF8*$!
{
	archiveVersion = 1;
	classes = {
	};
	objectVersion = 55;
	objects = {

/* Begin PBXBuildFile section */
		DA50D46F2B13AD71002CD301 /* Assets.xcassets in Resources */ = {isa = PBXBuildFile; fileRef = DA50D46E2B13AD71002CD301 /* Assets.xcassets */; };
		DA50D4722B13AD71002CD301 /* Preview Assets.xcassets in Resources */ = {isa = PBXBuildFile; fileRef = DA50D4712B13AD71002CD301 /* Preview Assets.xcassets */; };
		DADEE8662B13B18B00DDBF6C /* mypupApp.swift in Sources */ = {isa = PBXBuildFile; fileRef = DADEE85C2B13B18B00DDBF6C /* mypupApp.swift */; };
		DADEE8672B13B18B00DDBF6C /* TabbarView.swift in Sources */ = {isa = PBXBuildFile; fileRef = DADEE8602B13B18B00DDBF6C /* TabbarView.swift */; };
		DADEE8682B13B18B00DDBF6C /* PupListView.swift in Sources */ = {isa = PBXBuildFile; fileRef = DADEE8622B13B18B00DDBF6C /* PupListView.swift */; };
		DADEE86B2B13B29100DDBF6C /* PupCell.swift in Sources */ = {isa = PBXBuildFile; fileRef = DADEE86A2B13B29100DDBF6C /* PupCell.swift */; };
		DADEE86E2B13B32900DDBF6C /* Pup.swift in Sources */ = {isa = PBXBuildFile; fileRef = DADEE86D2B13B32900DDBF6C /* Pup.swift */; };
		DADEE8702B13BA3B00DDBF6C /* PuppiesService.swift in Sources */ = {isa = PBXBuildFile; fileRef = DADEE86F2B13BA3B00DDBF6C /* PuppiesService.swift */; };
		DADEE8722B13BAA000DDBF6C /* MPError.swift in Sources */ = {isa = PBXBuildFile; fileRef = DADEE8712B13BAA000DDBF6C /* MPError.swift */; };
		DADEE8742B13BC1B00DDBF6C /* ImageLoader.swift in Sources */ = {isa = PBXBuildFile; fileRef = DADEE8732B13BC1B00DDBF6C /* ImageLoader.swift */; };
		DADEE8762B13BD7B00DDBF6C /* Optional+Ext.swift in Sources */ = {isa = PBXBuildFile; fileRef = DADEE8752B13BD7B00DDBF6C /* Optional+Ext.swift */; };
		DADEE8782B13C67600DDBF6C /* PuppiesViewModal.swift in Sources */ = {isa = PBXBuildFile; fileRef = DADEE8772B13C67600DDBF6C /* PuppiesViewModal.swift */; };
		DADEE87A2B13C73D00DDBF6C /* AlertItem.swift in Sources */ = {isa = PBXBuildFile; fileRef = DADEE8792B13C73D00DDBF6C /* AlertItem.swift */; };
		DADEE87C2B13CF8F00DDBF6C /* LoadingView.swift in Sources */ = {isa = PBXBuildFile; fileRef = DADEE87B2B13CF8F00DDBF6C /* LoadingView.swift */; };
		DADEE87E2B13D15B00DDBF6C /* PupDetailView.swift in Sources */ = {isa = PBXBuildFile; fileRef = DADEE87D2B13D15B00DDBF6C /* PupDetailView.swift */; };
		DADEE8812B13D69C00DDBF6C /* SettingsView.swift in Sources */ = {isa = PBXBuildFile; fileRef = DADEE8802B13D69C00DDBF6C /* SettingsView.swift */; };
		DADEE8852B13D70100DDBF6C /* SettingsViewModel.swift in Sources */ = {isa = PBXBuildFile; fileRef = DADEE8842B13D70100DDBF6C /* SettingsViewModel.swift */; };
/* End PBXBuildFile section */

/* Begin PBXFileReference section */
		DA50D4672B13AD70002CD301 /* mypup.app */ = {isa = PBXFileReference; explicitFileType = wrapper.application; includeInIndex = 0; path = mypup.app; sourceTree = BUILT_PRODUCTS_DIR; };
		DA50D46E2B13AD71002CD301 /* Assets.xcassets */ = {isa = PBXFileReference; lastKnownFileType = folder.assetcatalog; path = Assets.xcassets; sourceTree = "<group>"; };
		DA50D4712B13AD71002CD301 /* Preview Assets.xcassets */ = {isa = PBXFileReference; lastKnownFileType = folder.assetcatalog; path = "Preview Assets.xcassets"; sourceTree = "<group>"; };
		DADEE85C2B13B18B00DDBF6C /* mypupApp.swift */ = {isa = PBXFileReference; fileEncoding = 4; lastKnownFileType = sourcecode.swift; path = mypupApp.swift; sourceTree = "<group>"; };
		DADEE8602B13B18B00DDBF6C /* TabbarView.swift */ = {isa = PBXFileReference; fileEncoding = 4; lastKnownFileType = sourcecode.swift; path = TabbarView.swift; sourceTree = "<group>"; };
		DADEE8622B13B18B00DDBF6C /* PupListView.swift */ = {isa = PBXFileReference; fileEncoding = 4; lastKnownFileType = sourcecode.swift; path = PupListView.swift; sourceTree = "<group>"; };
		DADEE86A2B13B29100DDBF6C /* PupCell.swift */ = {isa = PBXFileReference; lastKnownFileType = sourcecode.swift; path = PupCell.swift; sourceTree = "<group>"; };
		DADEE86D2B13B32900DDBF6C /* Pup.swift */ = {isa = PBXFileReference; lastKnownFileType = sourcecode.swift; path = Pup.swift; sourceTree = "<group>"; };
		DADEE86F2B13BA3B00DDBF6C /* PuppiesService.swift */ = {isa = PBXFileReference; lastKnownFileType = sourcecode.swift; path = PuppiesService.swift; sourceTree = "<group>"; };
		DADEE8712B13BAA000DDBF6C /* MPError.swift */ = {isa = PBXFileReference; lastKnownFileType = sourcecode.swift; path = MPError.swift; sourceTree = "<group>"; };
		DADEE8732B13BC1B00DDBF6C /* ImageLoader.swift */ = {isa = PBXFileReference; lastKnownFileType = sourcecode.swift; path = ImageLoader.swift; sourceTree = "<group>"; };
		DADEE8752B13BD7B00DDBF6C /* Optional+Ext.swift */ = {isa = PBXFileReference; lastKnownFileType = sourcecode.swift; path = "Optional+Ext.swift"; sourceTree = "<group>"; };
		DADEE8772B13C67600DDBF6C /* PuppiesViewModal.swift */ = {isa = PBXFileReference; lastKnownFileType = sourcecode.swift; path = PuppiesViewModal.swift; sourceTree = "<group>"; };
		DADEE8792B13C73D00DDBF6C /* AlertItem.swift */ = {isa = PBXFileReference; lastKnownFileType = sourcecode.swift; path = AlertItem.swift; sourceTree = "<group>"; };
		DADEE87B2B13CF8F00DDBF6C /* LoadingView.swift */ = {isa = PBXFileReference; lastKnownFileType = sourcecode.swift; path = LoadingView.swift; sourceTree = "<group>"; };
		DADEE87D2B13D15B00DDBF6C /* PupDetailView.swift */ = {isa = PBXFileReference; lastKnownFileType = sourcecode.swift; path = PupDetailView.swift; sourceTree = "<group>"; };
		DADEE8802B13D69C00DDBF6C /* SettingsView.swift */ = {isa = PBXFileReference; lastKnownFileType = sourcecode.swift; path = SettingsView.swift; sourceTree = "<group>"; };
		DADEE8842B13D70100DDBF6C /* SettingsViewModel.swift */ = {isa = PBXFileReference; lastKnownFileType = sourcecode.swift; path = SettingsViewModel.swift; sourceTree = "<group>"; };
/* End PBXFileReference section */

/* Begin PBXFrameworksBuildPhase section */
		DA50D4642B13AD70002CD301 /* Frameworks */ = {
			isa = PBXFrameworksBuildPhase;
			buildActionMask = 2147483647;
			files = (
			);
			runOnlyForDeploymentPostprocessing = 0;
		};
/* End PBXFrameworksBuildPhase section */

/* Begin PBXGroup section */
		DA50D45E2B13AD70002CD301 = {
			isa = PBXGroup;
			children = (
				DA50D4692B13AD70002CD301 /* mypup */,
				DA50D4682B13AD70002CD301 /* Products */,
			);
			sourceTree = "<group>";
		};
		DA50D4682B13AD70002CD301 /* Products */ = {
			isa = PBXGroup;
			children = (
				DA50D4672B13AD70002CD301 /* mypup.app */,
			);
			name = Products;
			sourceTree = "<group>";
		};
		DA50D4692B13AD70002CD301 /* mypup */ = {
			isa = PBXGroup;
			children = (
				DADEE85B2B13B18B00DDBF6C /* App */,
				DADEE85E2B13B18B00DDBF6C /* Core */,
				DADEE8652B13B18B00DDBF6C /* Extensions */,
				DADEE8642B13B18B00DDBF6C /* Models */,
				DA50D4702B13AD71002CD301 /* Preview Content */,
				DADEE85D2B13B18B00DDBF6C /* Services */,
				DADEE8632B13B18B00DDBF6C /* Utilities */,
				DA50D46E2B13AD71002CD301 /* Assets.xcassets */,
			);
			path = mypup;
			sourceTree = "<group>";
		};
		DA50D4702B13AD71002CD301 /* Preview Content */ = {
			isa = PBXGroup;
			children = (
				DA50D4712B13AD71002CD301 /* Preview Assets.xcassets */,
			);
			path = "Preview Content";
			sourceTree = "<group>";
		};
		DADEE85B2B13B18B00DDBF6C /* App */ = {
			isa = PBXGroup;
			children = (
				DADEE85C2B13B18B00DDBF6C /* mypupApp.swift */,
			);
			path = App;
			sourceTree = "<group>";
		};
		DADEE85D2B13B18B00DDBF6C /* Services */ = {
			isa = PBXGroup;
			children = (
				DADEE86F2B13BA3B00DDBF6C /* PuppiesService.swift */,
				DADEE8712B13BAA000DDBF6C /* MPError.swift */,
			);
			path = Services;
			sourceTree = "<group>";
		};
		DADEE85E2B13B18B00DDBF6C /* Core */ = {
			isa = PBXGroup;
			children = (
				DADEE8612B13B18B00DDBF6C /* Pups */,
				DADEE87F2B13D66F00DDBF6C /* Settings */,
				DADEE85F2B13B18B00DDBF6C /* TabBar */,
			);
			path = Core;
			sourceTree = "<group>";
		};
		DADEE85F2B13B18B00DDBF6C /* TabBar */ = {
			isa = PBXGroup;
			children = (
				DADEE8602B13B18B00DDBF6C /* TabbarView.swift */,
			);
			path = TabBar;
			sourceTree = "<group>";
		};
		DADEE8612B13B18B00DDBF6C /* Pups */ = {
			isa = PBXGroup;
			children = (
				DADEE8692B13B27D00DDBF6C /* View */,
				DADEE86C2B13B2EC00DDBF6C /* ViewModel */,
			);
			path = Pups;
			sourceTree = "<group>";
		};
		DADEE8632B13B18B00DDBF6C /* Utilities */ = {
			isa = PBXGroup;
			children = (
				DADEE8732B13BC1B00DDBF6C /* ImageLoader.swift */,
				DADEE8792B13C73D00DDBF6C /* AlertItem.swift */,
				DADEE87B2B13CF8F00DDBF6C /* LoadingView.swift */,
			);
			path = Utilities;
			sourceTree = "<group>";
		};
		DADEE8642B13B18B00DDBF6C /* Models */ = {
			isa = PBXGroup;
			children = (
				DADEE86D2B13B32900DDBF6C /* Pup.swift */,
			);
			path = Models;
			sourceTree = "<group>";
		};
		DADEE8652B13B18B00DDBF6C /* Extensions */ = {
			isa = PBXGroup;
			children = (
				DADEE8752B13BD7B00DDBF6C /* Optional+Ext.swift */,
			);
			path = Extensions;
			sourceTree = "<group>";
		};
		DADEE8692B13B27D00DDBF6C /* View */ = {
			isa = PBXGroup;
			children = (
				DADEE8622B13B18B00DDBF6C /* PupListView.swift */,
				DADEE86A2B13B29100DDBF6C /* PupCell.swift */,
				DADEE87D2B13D15B00DDBF6C /* PupDetailView.swift */,
			);
			path = View;
			sourceTree = "<group>";
		};
		DADEE86C2B13B2EC00DDBF6C /* ViewModel */ = {
			isa = PBXGroup;
			children = (
				DADEE8772B13C67600DDBF6C /* PuppiesViewModal.swift */,
			);
			path = ViewModel;
			sourceTree = "<group>";
		};
		DADEE87F2B13D66F00DDBF6C /* Settings */ = {
			isa = PBXGroup;
			children = (
				DADEE8822B13D6DF00DDBF6C /* View */,
				DADEE8832B13D6E600DDBF6C /* ViewModel */,
			);
			path = Settings;
			sourceTree = "<group>";
		};
		DADEE8822B13D6DF00DDBF6C /* View */ = {
			isa = PBXGroup;
			children = (
				DADEE8802B13D69C00DDBF6C /* SettingsView.swift */,
			);
			path = View;
			sourceTree = "<group>";
		};
		DADEE8832B13D6E600DDBF6C /* ViewModel */ = {
			isa = PBXGroup;
			children = (
				DADEE8842B13D70100DDBF6C /* SettingsViewModel.swift */,
			);
			path = ViewModel;
			sourceTree = "<group>";
		};
/* End PBXGroup section */

/* Begin PBXNativeTarget section */
		DA50D4662B13AD70002CD301 /* mypup */ = {
			isa = PBXNativeTarget;
			buildConfigurationList = DA50D4752B13AD71002CD301 /* Build configuration list for PBXNativeTarget "mypup" */;
			buildPhases = (
				DA50D4632B13AD70002CD301 /* Sources */,
				DA50D4642B13AD70002CD301 /* Frameworks */,
				DA50D4652B13AD70002CD301 /* Resources */,
			);
			buildRules = (
			);
			dependencies = (
			);
			name = mypup;
			productName = mypup;
			productReference = DA50D4672B13AD70002CD301 /* mypup.app */;
			productType = "com.apple.product-type.application";
		};
/* End PBXNativeTarget section */

/* Begin PBXProject section */
		DA50D45F2B13AD70002CD301 /* Project object */ = {
			isa = PBXProject;
			attributes = {
				BuildIndependentTargetsInParallel = 1;
				LastSwiftUpdateCheck = 1330;
				LastUpgradeCheck = 1330;
				TargetAttributes = {
					DA50D4662B13AD70002CD301 = {
						CreatedOnToolsVersion = 13.3.1;
					};
				};
			};
			buildConfigurationList = DA50D4622B13AD70002CD301 /* Build configuration list for PBXProject "mypup" */;
			compatibilityVersion = "Xcode 13.0";
			developmentRegion = en;
			hasScannedForEncodings = 0;
			knownRegions = (
				en,
				Base,
			);
			mainGroup = DA50D45E2B13AD70002CD301;
			productRefGroup = DA50D4682B13AD70002CD301 /* Products */;
			projectDirPath = "";
			projectRoot = "";
			targets = (
				DA50D4662B13AD70002CD301 /* mypup */,
			);
		};
/* End PBXProject section */

/* Begin PBXResourcesBuildPhase section */
		DA50D4652B13AD70002CD301 /* Resources */ = {
			isa = PBXResourcesBuildPhase;
			buildActionMask = 2147483647;
			files = (
				DA50D4722B13AD71002CD301 /* Preview Assets.xcassets in Resources */,
				DA50D46F2B13AD71002CD301 /* Assets.xcassets in Resources */,
			);
			runOnlyForDeploymentPostprocessing = 0;
		};
/* End PBXResourcesBuildPhase section */

/* Begin PBXSourcesBuildPhase section */
		DA50D4632B13AD70002CD301 /* Sources */ = {
			isa = PBXSourcesBuildPhase;
			buildActionMask = 2147483647;
			files = (
				DADEE87A2B13C73D00DDBF6C /* AlertItem.swift in Sources */,
				DADEE8682B13B18B00DDBF6C /* PupListView.swift in Sources */,
				DADEE86B2B13B29100DDBF6C /* PupCell.swift in Sources */,
				DADEE8702B13BA3B00DDBF6C /* PuppiesService.swift in Sources */,
				DADEE8672B13B18B00DDBF6C /* TabbarView.swift in Sources */,
				DADEE8852B13D70100DDBF6C /* SettingsViewModel.swift in Sources */,
				DADEE87C2B13CF8F00DDBF6C /* LoadingView.swift in Sources */,
				DADEE8722B13BAA000DDBF6C /* MPError.swift in Sources */,
				DADEE8812B13D69C00DDBF6C /* SettingsView.swift in Sources */,
				DADEE87E2B13D15B00DDBF6C /* PupDetailView.swift in Sources */,
				DADEE8762B13BD7B00DDBF6C /* Optional+Ext.swift in Sources */,
				DADEE8662B13B18B00DDBF6C /* mypupApp.swift in Sources */,
				DADEE8782B13C67600DDBF6C /* PuppiesViewModal.swift in Sources */,
				DADEE8742B13BC1B00DDBF6C /* ImageLoader.swift in Sources */,
				DADEE86E2B13B32900DDBF6C /* Pup.swift in Sources */,
			);
			runOnlyForDeploymentPostprocessing = 0;
		};
/* End PBXSourcesBuildPhase section */

/* Begin XCBuildConfiguration section */
		DA50D4732B13AD71002CD301 /* Debug */ = {
			isa = XCBuildConfiguration;
			buildSettings = {
				ALWAYS_SEARCH_USER_PATHS = NO;
				CLANG_ANALYZER_NONNULL = YES;
				CLANG_ANALYZER_NUMBER_OBJECT_CONVERSION = YES_AGGRESSIVE;
				CLANG_CXX_LANGUAGE_STANDARD = "gnu++17";
				CLANG_ENABLE_MODULES = YES;
				CLANG_ENABLE_OBJC_ARC = YES;
				CLANG_ENABLE_OBJC_WEAK = YES;
				CLANG_WARN_BLOCK_CAPTURE_AUTORELEASING = YES;
				CLANG_WARN_BOOL_CONVERSION = YES;
				CLANG_WARN_COMMA = YES;
				CLANG_WARN_CONSTANT_CONVERSION = YES;
				CLANG_WARN_DEPRECATED_OBJC_IMPLEMENTATIONS = YES;
				CLANG_WARN_DIRECT_OBJC_ISA_USAGE = YES_ERROR;
				CLANG_WARN_DOCUMENTATION_COMMENTS = YES;
				CLANG_WARN_EMPTY_BODY = YES;
				CLANG_WARN_ENUM_CONVERSION = YES;
				CLANG_WARN_INFINITE_RECURSION = YES;
				CLANG_WARN_INT_CONVERSION = YES;
				CLANG_WARN_NON_LITERAL_NULL_CONVERSION = YES;
				CLANG_WARN_OBJC_IMPLICIT_RETAIN_SELF = YES;
				CLANG_WARN_OBJC_LITERAL_CONVERSION = YES;
				CLANG_WARN_OBJC_ROOT_CLASS = YES_ERROR;
				CLANG_WARN_QUOTED_INCLUDE_IN_FRAMEWORK_HEADER = YES;
				CLANG_WARN_RANGE_LOOP_ANALYSIS = YES;
				CLANG_WARN_STRICT_PROTOTYPES = YES;
				CLANG_WARN_SUSPICIOUS_MOVE = YES;
				CLANG_WARN_UNGUARDED_AVAILABILITY = YES_AGGRESSIVE;
				CLANG_WARN_UNREACHABLE_CODE = YES;
				CLANG_WARN__DUPLICATE_METHOD_MATCH = YES;
				COPY_PHASE_STRIP = NO;
				DEBUG_INFORMATION_FORMAT = dwarf;
				ENABLE_STRICT_OBJC_MSGSEND = YES;
				ENABLE_TESTABILITY = YES;
				GCC_C_LANGUAGE_STANDARD = gnu11;
				GCC_DYNAMIC_NO_PIC = NO;
				GCC_NO_COMMON_BLOCKS = YES;
				GCC_OPTIMIZATION_LEVEL = 0;
				GCC_PREPROCESSOR_DEFINITIONS = (
					"DEBUG=1",
					"$(inherited)",
				);
				GCC_WARN_64_TO_32_BIT_CONVERSION = YES;
				GCC_WARN_ABOUT_RETURN_TYPE = YES_ERROR;
				GCC_WARN_UNDECLARED_SELECTOR = YES;
				GCC_WARN_UNINITIALIZED_AUTOS = YES_AGGRESSIVE;
				GCC_WARN_UNUSED_FUNCTION = YES;
				GCC_WARN_UNUSED_VARIABLE = YES;
				IPHONEOS_DEPLOYMENT_TARGET = 15.4;
				MTL_ENABLE_DEBUG_INFO = INCLUDE_SOURCE;
				MTL_FAST_MATH = YES;
				ONLY_ACTIVE_ARCH = YES;
				SDKROOT = iphoneos;
				SWIFT_ACTIVE_COMPILATION_CONDITIONS = DEBUG;
				SWIFT_OPTIMIZATION_LEVEL = "-Onone";
			};
			name = Debug;
		};
		DA50D4742B13AD71002CD301 /* Release */ = {
			isa = XCBuildConfiguration;
			buildSettings = {
				ALWAYS_SEARCH_USER_PATHS = NO;
				CLANG_ANALYZER_NONNULL = YES;
				CLANG_ANALYZER_NUMBER_OBJECT_CONVERSION = YES_AGGRESSIVE;
				CLANG_CXX_LANGUAGE_STANDARD = "gnu++17";
				CLANG_ENABLE_MODULES = YES;
				CLANG_ENABLE_OBJC_ARC = YES;
				CLANG_ENABLE_OBJC_WEAK = YES;
				CLANG_WARN_BLOCK_CAPTURE_AUTORELEASING = YES;
				CLANG_WARN_BOOL_CONVERSION = YES;
				CLANG_WARN_COMMA = YES;
				CLANG_WARN_CONSTANT_CONVERSION = YES;
				CLANG_WARN_DEPRECATED_OBJC_IMPLEMENTATIONS = YES;
				CLANG_WARN_DIRECT_OBJC_ISA_USAGE = YES_ERROR;
				CLANG_WARN_DOCUMENTATION_COMMENTS = YES;
				CLANG_WARN_EMPTY_BODY = YES;
				CLANG_WARN_ENUM_CONVERSION = YES;
				CLANG_WARN_INFINITE_RECURSION = YES;
				CLANG_WARN_INT_CONVERSION = YES;
				CLANG_WARN_NON_LITERAL_NULL_CONVERSION = YES;
				CLANG_WARN_OBJC_IMPLICIT_RETAIN_SELF = YES;
				CLANG_WARN_OBJC_LITERAL_CONVERSION = YES;
				CLANG_WARN_OBJC_ROOT_CLASS = YES_ERROR;
				CLANG_WARN_QUOTED_INCLUDE_IN_FRAMEWORK_HEADER = YES;
				CLANG_WARN_RANGE_LOOP_ANALYSIS = YES;
				CLANG_WARN_STRICT_PROTOTYPES = YES;
				CLANG_WARN_SUSPICIOUS_MOVE = YES;
				CLANG_WARN_UNGUARDED_AVAILABILITY = YES_AGGRESSIVE;
				CLANG_WARN_UNREACHABLE_CODE = YES;
				CLANG_WARN__DUPLICATE_METHOD_MATCH = YES;
				COPY_PHASE_STRIP = NO;
				DEBUG_INFORMATION_FORMAT = "dwarf-with-dsym";
				ENABLE_NS_ASSERTIONS = NO;
				ENABLE_STRICT_OBJC_MSGSEND = YES;
				GCC_C_LANGUAGE_STANDARD = gnu11;
				GCC_NO_COMMON_BLOCKS = YES;
				GCC_WARN_64_TO_32_BIT_CONVERSION = YES;
				GCC_WARN_ABOUT_RETURN_TYPE = YES_ERROR;
				GCC_WARN_UNDECLARED_SELECTOR = YES;
				GCC_WARN_UNINITIALIZED_AUTOS = YES_AGGRESSIVE;
				GCC_WARN_UNUSED_FUNCTION = YES;
				GCC_WARN_UNUSED_VARIABLE = YES;
				IPHONEOS_DEPLOYMENT_TARGET = 15.4;
				MTL_ENABLE_DEBUG_INFO = NO;
				MTL_FAST_MATH = YES;
				SDKROOT = iphoneos;
				SWIFT_COMPILATION_MODE = wholemodule;
				SWIFT_OPTIMIZATION_LEVEL = "-O";
				VALIDATE_PRODUCT = YES;
			};
			name = Release;
		};
		DA50D4762B13AD71002CD301 /* Debug */ = {
			isa = XCBuildConfiguration;
			buildSettings = {
				ASSETCATALOG_COMPILER_APPICON_NAME = AppIcon;
				ASSETCATALOG_COMPILER_GLOBAL_ACCENT_COLOR_NAME = AccentColor;
				CODE_SIGN_STYLE = Automatic;
				CURRENT_PROJECT_VERSION = 1;
				DEVELOPMENT_ASSET_PATHS = "\"mypup/Preview Content\"";
				ENABLE_PREVIEWS = YES;
				GENERATE_INFOPLIST_FILE = YES;
				INFOPLIST_KEY_UIApplicationSceneManifest_Generation = YES;
				INFOPLIST_KEY_UIApplicationSupportsIndirectInputEvents = YES;
				INFOPLIST_KEY_UILaunchScreen_Generation = YES;
				INFOPLIST_KEY_UISupportedInterfaceOrientations_iPad = "UIInterfaceOrientationPortrait UIInterfaceOrientationPortraitUpsideDown UIInterfaceOrientationLandscapeLeft UIInterfaceOrientationLandscapeRight";
				INFOPLIST_KEY_UISupportedInterfaceOrientations_iPhone = "UIInterfaceOrientationPortrait UIInterfaceOrientationLandscapeLeft UIInterfaceOrientationLandscapeRight";
				LD_RUNPATH_SEARCH_PATHS = (
					"$(inherited)",
					"@executable_path/Frameworks",
				);
				MARKETING_VERSION = 1.0;
				PRODUCT_BUNDLE_IDENTIFIER = com.app.mypup;
				PRODUCT_NAME = "$(TARGET_NAME)";
				SWIFT_EMIT_LOC_STRINGS = YES;
				SWIFT_VERSION = 5.0;
				TARGETED_DEVICE_FAMILY = "1,2";
			};
			name = Debug;
		};
		DA50D4772B13AD71002CD301 /* Release */ = {
			isa = XCBuildConfiguration;
			buildSettings = {
				ASSETCATALOG_COMPILER_APPICON_NAME = AppIcon;
				ASSETCATALOG_COMPILER_GLOBAL_ACCENT_COLOR_NAME = AccentColor;
				CODE_SIGN_STYLE = Automatic;
				CURRENT_PROJECT_VERSION = 1;
				DEVELOPMENT_ASSET_PATHS = "\"mypup/Preview Content\"";
				ENABLE_PREVIEWS = YES;
				GENERATE_INFOPLIST_FILE = YES;
				INFOPLIST_KEY_UIApplicationSceneManifest_Generation = YES;
				INFOPLIST_KEY_UIApplicationSupportsIndirectInputEvents = YES;
				INFOPLIST_KEY_UILaunchScreen_Generation = YES;
				INFOPLIST_KEY_UISupportedInterfaceOrientations_iPad = "UIInterfaceOrientationPortrait UIInterfaceOrientationPortraitUpsideDown UIInterfaceOrientationLandscapeLeft UIInterfaceOrientationLandscapeRight";
				INFOPLIST_KEY_UISupportedInterfaceOrientations_iPhone = "UIInterfaceOrientationPortrait UIInterfaceOrientationLandscapeLeft UIInterfaceOrientationLandscapeRight";
				LD_RUNPATH_SEARCH_PATHS = (
					"$(inherited)",
					"@executable_path/Frameworks",
				);
				MARKETING_VERSION = 1.0;
				PRODUCT_BUNDLE_IDENTIFIER = com.app.mypup;
				PRODUCT_NAME = "$(TARGET_NAME)";
				SWIFT_EMIT_LOC_STRINGS = YES;
				SWIFT_VERSION = 5.0;
				TARGETED_DEVICE_FAMILY = "1,2";
			};
			name = Release;
		};
/* End XCBuildConfiguration section */

/* Begin XCConfigurationList section */
		DA50D4622B13AD70002CD301 /* Build configuration list for PBXProject "mypup" */ = {
			isa = XCConfigurationList;
			buildConfigurations = (
				DA50D4732B13AD71002CD301 /* Debug */,
				DA50D4742B13AD71002CD301 /* Release */,
			);
			defaultConfigurationIsVisible = 0;
			defaultConfigurationName = Release;
		};
		DA50D4752B13AD71002CD301 /* Build configuration list for PBXNativeTarget "mypup" */ = {
			isa = XCConfigurationList;
			buildConfigurations = (
				DA50D4762B13AD71002CD301 /* Debug */,
				DA50D4772B13AD71002CD301 /* Release */,
			);
			defaultConfigurationIsVisible = 0;
			defaultConfigurationName = Release;
		};
/* End XCConfigurationList section */
	};
	rootObject = DA50D45F2B13AD70002CD301 /* Project object */;
}
